
Microsoft Visual Studio Solution File, Format Version 12.00
# Visual Studio Version 17
VisualStudioVersion = 17.13.35931.197 d17.13
MinimumVisualStudioVersion = 10.0.40219.1
Project("{FAE04EC0-301F-11D3-BF4B-00C04F79EFBC}") = "Costum", "Costum\Costum.csproj", "{D88E5906-26BF-4943-8906-18D841146B4B}"
EndProject
Global
	GlobalSection(SolutionConfigurationPlatforms) = preSolution
		Debug|Any CPU = Debug|Any CPU
		Release|Any CPU = Release|Any CPU
	EndGlobalSection
	GlobalSection(ProjectConfigurationPlatforms) = postSolution
		{D88E5906-26BF-4943-8906-18D841146B4B}.Debug|Any CPU.ActiveCfg = Debug|Any CPU
		{D88E5906-26BF-4943-8906-18D841146B4B}.Debug|Any CPU.Build.0 = Debug|Any CPU
		{D88E5906-26BF-4943-8906-18D841146B4B}.Release|Any CPU.ActiveCfg = Release|Any CPU
		{D88E5906-26BF-4943-8906-18D841146B4B}.Release|Any CPU.Build.0 = Release|Any CPU
	EndGlobalSection
	GlobalSection(SolutionProperties) = preSolution
		HideSolutionNode = FALSE
	EndGlobalSection
	GlobalSection(ExtensibilityGlobals) = postSolution
		SolutionGuid = {5FE72F4E-AE04-41DE-A248-814B7B2B27CF}
	EndGlobalSection
EndGlobal
